<?xml version="1.0" encoding="utf-8"?>
<Project ToolsVersion="15.0" xmlns="http://schemas.microsoft.com/developer/msbuild/2003">
  <ItemGroup>
    <ClCompile Include="B:\Projects\libpandabsp-compilers\p3rad\leaf_ambient_lighting.cpp">
      <Filter>Source Files</Filter>
    </ClCompile>
    <ClCompile Include="B:\Projects\libpandabsp-compilers\p3rad\lightingutils.cpp">
      <Filter>Source Files</Filter>
    </ClCompile>
    <ClCompile Include="B:\Projects\libpandabsp-compilers\p3rad\lightmap.cpp">
      <Filter>Source Files</Filter>
    </ClCompile>
    <ClCompile Include="B:\Projects\libpandabsp-compilers\p3rad\lights.cpp">
      <Filter>Source Files</Filter>
    </ClCompile>
    <ClCompile Include="B:\Projects\libpandabsp-compilers\p3rad\loadtextures.cpp">
      <Filter>Source Files</Filter>
    </ClCompile>
    <ClCompile Include="B:\Projects\libpandabsp-compilers\p3rad\mathutil.cpp">
      <Filter>Source Files</Filter>
    </ClCompile>
    <ClCompile Include="B:\Projects\libpandabsp-compilers\p3rad\qrad.cpp">
      <Filter>Source Files</Filter>
    </ClCompile>
    <ClCompile Include="B:\Projects\libpandabsp-compilers\p3rad\qradutil.cpp">
      <Filter>Source Files</Filter>
    </ClCompile>
    <ClCompile Include="B:\Projects\libpandabsp-compilers\p3rad\radial.cpp">
      <Filter>Source Files</Filter>
    </ClCompile>
    <ClCompile Include="B:\Projects\libpandabsp-compilers\p3rad\radstaticprop.cpp">
      <Filter>Source Files</Filter>
    </ClCompile>
    <ClCompile Include="B:\Projects\libpandabsp-compilers\p3rad\trace.cpp">
      <Filter>Source Files</Filter>
    </ClCompile>
    <ClCompile Include="B:\Projects\libpandabsp-compilers\p3rad\vismat.cpp">
      <Filter>Source Files</Filter>
    </ClCompile>
  </ItemGroup>
  <ItemGroup>
    <ClInclude Include="B:\Projects\libpandabsp-compilers\p3rad\leaf_ambient_lighting.h">
      <Filter>Header Files</Filter>
    </ClInclude>
    <ClInclude Include="B:\Projects\libpandabsp-compilers\p3rad\lightingutils.h">
      <Filter>Header Files</Filter>
    </ClInclude>
    <ClInclude Include="B:\Projects\libpandabsp-compilers\p3rad\lightmap.h">
      <Filter>Header Files</Filter>
    </ClInclude>
    <ClInclude Include="B:\Projects\libpandabsp-compilers\p3rad\lights.h">
      <Filter>Header Files</Filter>
    </ClInclude>
    <ClInclude Include="B:\Projects\libpandabsp-compilers\p3rad\qrad.h">
      <Filter>Header Files</Filter>
    </ClInclude>
    <ClInclude Include="B:\Projects\libpandabsp-compilers\p3rad\radial.h">
      <Filter>Header Files</Filter>
    </ClInclude>
    <ClInclude Include="B:\Projects\libpandabsp-compilers\p3rad\radstaticprop.h">
      <Filter>Header Files</Filter>
    </ClInclude>
    <ClInclude Include="B:\Projects\libpandabsp-compilers\p3rad\trace.h">
      <Filter>Header Files</Filter>
    </ClInclude>
    <ClInclude Include="B:\Projects\libpandabsp-compilers\p3rad\vismat.h">
      <Filter>Header Files</Filter>
    </ClInclude>
  </ItemGroup>
  <ItemGroup>
    <CustomBuild Include="B:\Projects\libpandabsp-compilers\p3rad\CMakeLists.txt" />
  </ItemGroup>
  <ItemGroup>
    <Filter Include="Header Files">
      <UniqueIdentifier>{D20A72B4-9893-3F3F-B440-83B6E3E31D57}</UniqueIdentifier>
    </Filter>
    <Filter Include="Source Files">
      <UniqueIdentifier>{51FF0EA3-6C99-318F-95C3-56252AD15ACC}</UniqueIdentifier>
    </Filter>
  </ItemGroup>
</Project>
