<?xml version="1.0" encoding="utf-8"?>
<Project ToolsVersion="15.0" xmlns="http://schemas.microsoft.com/developer/msbuild/2003">
  <ItemGroup>
    <ClCompile Include="B:\Projects\libpandabsp-compilers\p3csg\ansitoutf8.cpp">
      <Filter>Source Files</Filter>
    </ClCompile>
    <ClCompile Include="B:\Projects\libpandabsp-compilers\p3csg\autowad.cpp">
      <Filter>Source Files</Filter>
    </ClCompile>
    <ClCompile Include="B:\Projects\libpandabsp-compilers\p3csg\brush.cpp">
      <Filter>Source Files</Filter>
    </ClCompile>
    <ClCompile Include="B:\Projects\libpandabsp-compilers\p3csg\brushunion.cpp">
      <Filter>Source Files</Filter>
    </ClCompile>
    <ClCompile Include="B:\Projects\libpandabsp-compilers\p3csg\hullfile.cpp">
      <Filter>Source Files</Filter>
    </ClCompile>
    <ClCompile Include="B:\Projects\libpandabsp-compilers\p3csg\map.cpp">
      <Filter>Source Files</Filter>
    </ClCompile>
    <ClCompile Include="B:\Projects\libpandabsp-compilers\p3csg\netvis_in_vis.cpp">
      <Filter>Source Files</Filter>
    </ClCompile>
    <ClCompile Include="B:\Projects\libpandabsp-compilers\p3csg\properties.cpp">
      <Filter>Source Files</Filter>
    </ClCompile>
    <ClCompile Include="B:\Projects\libpandabsp-compilers\p3csg\qcsg.cpp">
      <Filter>Source Files</Filter>
    </ClCompile>
    <ClCompile Include="B:\Projects\libpandabsp-compilers\p3csg\textures.cpp">
      <Filter>Source Files</Filter>
    </ClCompile>
  </ItemGroup>
  <ItemGroup>
    <ClInclude Include="B:\Projects\libpandabsp-compilers\p3csg\csg.h">
      <Filter>Header Files</Filter>
    </ClInclude>
  </ItemGroup>
  <ItemGroup>
    <CustomBuild Include="B:\Projects\libpandabsp-compilers\p3csg\CMakeLists.txt" />
  </ItemGroup>
  <ItemGroup>
    <Filter Include="Header Files">
      <UniqueIdentifier>{59D47D9B-3437-310E-B729-A699231FFEAB}</UniqueIdentifier>
    </Filter>
    <Filter Include="Source Files">
      <UniqueIdentifier>{54BE67D1-5389-3C7A-9138-AEEB46CD45DD}</UniqueIdentifier>
    </Filter>
  </ItemGroup>
</Project>
