<?xml version="1.0" encoding="utf-8"?>
<Project ToolsVersion="15.0" xmlns="http://schemas.microsoft.com/developer/msbuild/2003">
  <ItemGroup>
    <ClCompile Include="B:\Projects\libpandabsp-compilers\p3bsp\merge.cpp">
      <Filter>Source Files</Filter>
    </ClCompile>
    <ClCompile Include="B:\Projects\libpandabsp-compilers\p3bsp\outside.cpp">
      <Filter>Source Files</Filter>
    </ClCompile>
    <ClCompile Include="B:\Projects\libpandabsp-compilers\p3bsp\portals.cpp">
      <Filter>Source Files</Filter>
    </ClCompile>
    <ClCompile Include="B:\Projects\libpandabsp-compilers\p3bsp\qbsp.cpp">
      <Filter>Source Files</Filter>
    </ClCompile>
    <ClCompile Include="B:\Projects\libpandabsp-compilers\p3bsp\solidbsp.cpp">
      <Filter>Source Files</Filter>
    </ClCompile>
    <ClCompile Include="B:\Projects\libpandabsp-compilers\p3bsp\surfaces.cpp">
      <Filter>Source Files</Filter>
    </ClCompile>
    <ClCompile Include="B:\Projects\libpandabsp-compilers\p3bsp\tjunc.cpp">
      <Filter>Source Files</Filter>
    </ClCompile>
    <ClCompile Include="B:\Projects\libpandabsp-compilers\p3bsp\writebsp.cpp">
      <Filter>Source Files</Filter>
    </ClCompile>
  </ItemGroup>
  <ItemGroup>
    <ClInclude Include="B:\Projects\libpandabsp-compilers\p3bsp\bsp5.h">
      <Filter>Header Files</Filter>
    </ClInclude>
  </ItemGroup>
  <ItemGroup>
    <CustomBuild Include="B:\Projects\libpandabsp-compilers\p3bsp\CMakeLists.txt" />
  </ItemGroup>
  <ItemGroup>
    <Filter Include="Header Files">
      <UniqueIdentifier>{08B4842C-C0C8-3789-80D0-412647277127}</UniqueIdentifier>
    </Filter>
    <Filter Include="Source Files">
      <UniqueIdentifier>{94A1BD6B-D302-3060-AAF8-DAC691966DBB}</UniqueIdentifier>
    </Filter>
  </ItemGroup>
</Project>
