<?xml version="1.0" encoding="utf-8"?>
<Project ToolsVersion="4.0" xmlns="http://schemas.microsoft.com/developer/msbuild/2003">
  <ItemGroup>
    <ClCompile Include="..\common\blockmem.cpp">
      <Filter>common</Filter>
    </ClCompile>
    <ClCompile Include="..\common\bspfile.cpp">
      <Filter>common</Filter>
    </ClCompile>
    <ClCompile Include="..\common\cmdlib.cpp">
      <Filter>common</Filter>
    </ClCompile>
    <ClCompile Include="..\common\cmdlinecfg.cpp">
      <Filter>common</Filter>
    </ClCompile>
    <ClCompile Include="..\common\filelib.cpp">
      <Filter>common</Filter>
    </ClCompile>
    <ClCompile Include="..\common\log.cpp">
      <Filter>common</Filter>
    </ClCompile>
    <ClCompile Include="..\common\mathlib.cpp">
      <Filter>common</Filter>
    </ClCompile>
    <ClCompile Include="..\common\messages.cpp">
      <Filter>common</Filter>
    </ClCompile>
    <ClCompile Include="..\common\scriplib.cpp">
      <Filter>common</Filter>
    </ClCompile>
    <ClCompile Include="..\common\threads.cpp">
      <Filter>common</Filter>
    </ClCompile>
    <ClCompile Include="..\common\winding.cpp">
      <Filter>common</Filter>
    </ClCompile>
    <ClCompile Include="merge.cpp">
      <Filter>bsp</Filter>
    </ClCompile>
    <ClCompile Include="outside.cpp">
      <Filter>bsp</Filter>
    </ClCompile>
    <ClCompile Include="portals.cpp">
      <Filter>bsp</Filter>
    </ClCompile>
    <ClCompile Include="qbsp.cpp">
      <Filter>bsp</Filter>
    </ClCompile>
    <ClCompile Include="solidbsp.cpp">
      <Filter>bsp</Filter>
    </ClCompile>
    <ClCompile Include="surfaces.cpp">
      <Filter>bsp</Filter>
    </ClCompile>
    <ClCompile Include="tjunc.cpp">
      <Filter>bsp</Filter>
    </ClCompile>
    <ClCompile Include="writebsp.cpp">
      <Filter>bsp</Filter>
    </ClCompile>
  </ItemGroup>
  <ItemGroup>
    <ClInclude Include="..\template\basictypes.h">
      <Filter>template</Filter>
    </ClInclude>
    <ClInclude Include="..\common\blockmem.h">
      <Filter>common</Filter>
    </ClInclude>
    <ClInclude Include="..\common\boundingbox.h">
      <Filter>common</Filter>
    </ClInclude>
    <ClInclude Include="..\common\bspfile.h">
      <Filter>common</Filter>
    </ClInclude>
    <ClInclude Include="..\common\cmdlib.h">
      <Filter>common</Filter>
    </ClInclude>
    <ClInclude Include="..\common\cmdlinecfg.h">
      <Filter>common</Filter>
    </ClInclude>
    <ClInclude Include="..\common\filelib.h">
      <Filter>common</Filter>
    </ClInclude>
    <ClInclude Include="..\common\hlassert.h">
      <Filter>common</Filter>
    </ClInclude>
    <ClInclude Include="..\common\log.h">
      <Filter>common</Filter>
    </ClInclude>
    <ClInclude Include="..\common\mathlib.h">
      <Filter>common</Filter>
    </ClInclude>
    <ClInclude Include="..\common\mathtypes.h">
      <Filter>common</Filter>
    </ClInclude>
    <ClInclude Include="..\common\messages.h">
      <Filter>common</Filter>
    </ClInclude>
    <ClInclude Include="..\common\scriplib.h">
      <Filter>common</Filter>
    </ClInclude>
    <ClInclude Include="..\common\threads.h">
      <Filter>common</Filter>
    </ClInclude>
    <ClInclude Include="..\common\win32fix.h">
      <Filter>common</Filter>
    </ClInclude>
    <ClInclude Include="..\common\winding.h">
      <Filter>common</Filter>
    </ClInclude>
    <ClInclude Include="bsp5.h">
      <Filter>bsp</Filter>
    </ClInclude>
  </ItemGroup>
  <ItemGroup>
    <Filter Include="bsp">
      <UniqueIdentifier>{ebd07521-645b-4d00-ad6c-5c2077c7d3bf}</UniqueIdentifier>
    </Filter>
    <Filter Include="common">
      <UniqueIdentifier>{e59a092d-4214-451f-9bf9-05562761529f}</UniqueIdentifier>
    </Filter>
    <Filter Include="template">
      <UniqueIdentifier>{d571c61d-b90d-4077-a823-ccd80e94657a}</UniqueIdentifier>
    </Filter>
  </ItemGroup>
</Project>