<?xml version="1.0" encoding="utf-8"?>
<Project ToolsVersion="15.0" xmlns="http://schemas.microsoft.com/developer/msbuild/2003">
  <ItemGroup>
    <ClCompile Include="B:\Projects\libpandabsp-compilers\p3vis\flow.cpp">
      <Filter>Source Files</Filter>
    </ClCompile>
    <ClCompile Include="B:\Projects\libpandabsp-compilers\p3vis\vis.cpp">
      <Filter>Source Files</Filter>
    </ClCompile>
    <ClCompile Include="B:\Projects\libpandabsp-compilers\p3vis\zones.cpp">
      <Filter>Source Files</Filter>
    </ClCompile>
  </ItemGroup>
  <ItemGroup>
    <ClInclude Include="B:\Projects\libpandabsp-compilers\p3vis\vis.h">
      <Filter>Header Files</Filter>
    </ClInclude>
    <ClInclude Include="B:\Projects\libpandabsp-compilers\p3vis\zones.h">
      <Filter>Header Files</Filter>
    </ClInclude>
  </ItemGroup>
  <ItemGroup>
    <CustomBuild Include="B:\Projects\libpandabsp-compilers\p3vis\CMakeLists.txt" />
  </ItemGroup>
  <ItemGroup>
    <Filter Include="Header Files">
      <UniqueIdentifier>{603E2018-8028-3B08-9C22-839110BAC999}</UniqueIdentifier>
    </Filter>
    <Filter Include="Source Files">
      <UniqueIdentifier>{E5AA0A2B-F4F6-364F-8FEE-69BC2FBAD48B}</UniqueIdentifier>
    </Filter>
  </ItemGroup>
</Project>
